
Microsoft Visual Studio Solution File, Format Version 12.00
# Visual Studio Version 17
VisualStudioVersion = 17.4.33213.308
MinimumVisualStudioVersion = 10.0.40219.1
Project("{FAE04EC0-301F-11D3-BF4B-00C04F79EFBC}") = "TelaDeLogin", "TelaDeLogin\TelaDeLogin.csproj", "{D1FA8841-B594-456D-BC60-5590F8C6D427}"
EndProject
Global
	GlobalSection(SolutionConfigurationPlatforms) = preSolution
		Debug|Any CPU = Debug|Any CPU
		Release|Any CPU = Release|Any CPU
	EndGlobalSection
	GlobalSection(ProjectConfigurationPlatforms) = postSolution
		{D1FA8841-B594-456D-BC60-5590F8C6D427}.Debug|Any CPU.ActiveCfg = Debug|Any CPU
		{D1FA8841-B594-456D-BC60-5590F8C6D427}.Debug|Any CPU.Build.0 = Debug|Any CPU
		{D1FA8841-B594-456D-BC60-5590F8C6D427}.Release|Any CPU.ActiveCfg = Release|Any CPU
		{D1FA8841-B594-456D-BC60-5590F8C6D427}.Release|Any CPU.Build.0 = Release|Any CPU
	EndGlobalSection
	GlobalSection(SolutionProperties) = preSolution
		HideSolutionNode = FALSE
	EndGlobalSection
	GlobalSection(ExtensibilityGlobals) = postSolution
		SolutionGuid = {488BD801-DB6C-42FD-8203-B696DE44B13B}
	EndGlobalSection
EndGlobal
